
Microsoft Visual Studio Solution File, Format Version 12.00
# Visual Studio Version 17
VisualStudioVersion = 17.5.002.0
MinimumVisualStudioVersion = 10.0.40219.1
Project("{9A19103F-16F7-4668-BE54-9A1E7A4F7556}") = "Client", "Client\Client.csproj", "{826FA9FA-88DA-4F5A-92C2-34A005F011FB}"
EndProject
Project("{9A19103F-16F7-4668-BE54-9A1E7A4F7556}") = "Server", "Server\Server.csproj", "{69877A93-C58B-426C-ABAF-99461CE0F44D}"
EndProject
Global
	GlobalSection(SolutionConfigurationPlatforms) = preSolution
		Debug|Any CPU = Debug|Any CPU
		Release|Any CPU = Release|Any CPU
	EndGlobalSection
	GlobalSection(ProjectConfigurationPlatforms) = postSolution
		{826FA9FA-88DA-4F5A-92C2-34A005F011FB}.Debug|Any CPU.ActiveCfg = Debug|Any CPU
		{826FA9FA-88DA-4F5A-92C2-34A005F011FB}.Debug|Any CPU.Build.0 = Debug|Any CPU
		{826FA9FA-88DA-4F5A-92C2-34A005F011FB}.Release|Any CPU.ActiveCfg = Release|Any CPU
		{826FA9FA-88DA-4F5A-92C2-34A005F011FB}.Release|Any CPU.Build.0 = Release|Any CPU
		{69877A93-C58B-426C-ABAF-99461CE0F44D}.Debug|Any CPU.ActiveCfg = Debug|Any CPU
		{69877A93-C58B-426C-ABAF-99461CE0F44D}.Debug|Any CPU.Build.0 = Debug|Any CPU
		{69877A93-C58B-426C-ABAF-99461CE0F44D}.Release|Any CPU.ActiveCfg = Release|Any CPU
		{69877A93-C58B-426C-ABAF-99461CE0F44D}.Release|Any CPU.Build.0 = Release|Any CPU
	EndGlobalSection
	GlobalSection(SolutionProperties) = preSolution
		HideSolutionNode = FALSE
	EndGlobalSection
	GlobalSection(ExtensibilityGlobals) = postSolution
		SolutionGuid = {0A314CF4-8599-4032-BCC7-62B2ED569877}
	EndGlobalSection
EndGlobal
